{
  "name": "polis",
  "lockfileVersion": 2,
  "requires": true,
  "packages": {
    "": {
      "devDependencies": {
        "@types/underscore": "^1.11.1"
      }
    },
    "node_modules/@types/underscore": {
      "version": "1.11.1",
      "resolved": "https://registry.npmjs.org/@types/underscore/-/underscore-1.11.1.tgz",
      "integrity": "sha512-mW23Xkp9HYgdMV7gnwuzqnPx6aG0J7xg/b7erQszOcyOizWylwCr9cgYM/BVVJHezUDxwyigG6+wCFQwCvyMBw==",
      "dev": true
    }
  },
  "dependencies": {
    "@types/underscore": {
      "version": "1.11.1",
      "resolved": "https://registry.npmjs.org/@types/underscore/-/underscore-1.11.1.tgz",
      "integrity": "sha512-mW23Xkp9HYgdMV7gnwuzqnPx6aG0J7xg/b7erQszOcyOizWylwCr9cgYM/BVVJHezUDxwyigG6+wCFQwCvyMBw==",
      "dev": true
    }
  }
}
