{
  "name": "polis",
  "lockfileVersion": 3,
  "requires": true,
  "packages": {
    "": {
      "dependencies": {
        "@types/facebook-js-sdk": "^3.3.12"
      }
    },
    "node_modules/@types/facebook-js-sdk": {
      "version": "3.3.12",
      "resolved": "https://registry.npmjs.org/@types/facebook-js-sdk/-/facebook-js-sdk-3.3.12.tgz",
      "integrity": "sha512-X1JKH2s0rxsayEmS/NExj96byj59DNOk7jJIzkaqJUO1EM85+J4cS8run45Z4fgG7uFsZPkkdBBkNCxs5QA3Vw==",
      "license": "MIT"
    }
  }
}
