# CPython 3.12 Linux aarch64 wheels; pins from the existing probe runtime/layer.
boto3==1.43.89 --hash=sha256:fe4190afe63eb562b6ba6a3911cf4427473b35fa047adde093bf696d3ae09fc0
botocore==1.43.89 --hash=sha256:d7211220c815427fe71225acc6909e4ab5dfab3b03770e72fd16cf9eb86b3d1a
jmespath==1.1.0 --hash=sha256:a5663118de4908c91729bea0acadca56526eb2698e83de10cd116ae0f4e97c64
s3transfer==0.19.2 --hash=sha256:d8168eccca828cbb2cd573675333f3bddd254313a9c42494b84c76b539e8ba25
python-dateutil==2.9.0.post0 --hash=sha256:a8b2bc7bffae282281c8140a97d3aa9c14da0b136dfe83f850eea9a5f7470427
six==1.17.0 --hash=sha256:4721f391ed90541fddacab5acf947aa0d3dc7d27b2e1e8eda2be8970586c3274
urllib3==2.7.0 --hash=sha256:9fb4c81ebbb1ce9531cce37674bbc6f1360472bc18ca9a553ede278ef7276897
psycopg2-binary==2.9.13 --hash=sha256:3dc3372b3731b3ef23407fe06b94f640ef87a2bda242fa386033d5589c87514a
