#
# This file is autogenerated by pip-compile with Python 3.12
# by the following command:
#
#    pip-compile --output-file=requirements.lock pyproject.toml
#
annotated-types==0.7.0
    # via pydantic
anthropic==0.74.0
    # via delphi-polis (pyproject.toml)
anyio==4.11.0
    # via
    #   anthropic
    #   httpx
    #   starlette
aws-lambda-powertools==3.23.0
    # via delphi-polis (pyproject.toml)
aws-xray-sdk==2.15.0
    # via delphi-polis (pyproject.toml)
bokeh==3.8.1
    # via dask
boto3==1.34.70
    # via delphi-polis (pyproject.toml)
botocore==1.34.162
    # via
    #   aws-xray-sdk
    #   boto3
    #   pynamodb
    #   s3transfer
bytecode==0.17.0
    # via ddtrace
certifi==2025.11.12
    # via
    #   httpcore
    #   httpx
    #   requests
charset-normalizer==3.4.4
    # via requests
click==8.3.1
    # via
    #   dask
    #   distributed
    #   uvicorn
cloudpickle==3.1.2
    # via
    #   dask
    #   distributed
colorcet==3.1.0
    # via
    #   datamapplot
    #   datashader
colorlog==6.10.1
    # via delphi-polis (pyproject.toml)
colorspacious==1.1.2
    # via datamapplot
contourpy==1.3.3
    # via
    #   bokeh
    #   matplotlib
cycler==0.12.1
    # via matplotlib
dask[array,complete,dataframe,diagnostics,distributed]==2024.12.1
    # via
    #   dask-expr
    #   datamapplot
    #   distributed
dask-expr==1.1.21
    # via dask
datamapplot==0.6.4
    # via delphi-polis (pyproject.toml)
datashader==0.18.2
    # via datamapplot
ddtrace==3.18.1
    # via delphi-polis (pyproject.toml)
distributed==2024.12.1
    # via dask
distro==1.9.0
    # via anthropic
docstring-parser==0.17.0
    # via anthropic
envier==0.6.1
    # via ddtrace
evoc==0.1.3
    # via delphi-polis (pyproject.toml)
fastapi==0.115.0
    # via delphi-polis (pyproject.toml)
filelock==3.20.0
    # via
    #   huggingface-hub
    #   torch
    #   transformers
fonttools==4.60.1
    # via matplotlib
fsspec==2025.10.0
    # via
    #   dask
    #   huggingface-hub
    #   torch
h11==0.16.0
    # via
    #   httpcore
    #   uvicorn
hdbscan==0.8.40
    # via delphi-polis (pyproject.toml)
hf-xet==1.2.0
    # via huggingface-hub
httpcore==1.0.9
    # via httpx
httpx==0.28.1
    # via
    #   anthropic
    #   ollama
huggingface-hub==0.36.0
    # via
    #   sentence-transformers
    #   tokenizers
    #   transformers
idna==3.11
    # via
    #   anyio
    #   httpx
    #   requests
imageio==2.37.2
    # via scikit-image
importlib-metadata==8.7.0
    # via opentelemetry-api
importlib-resources==6.5.2
    # via datamapplot
itsdangerous==2.2.0
    # via delphi-polis (pyproject.toml)
jinja2==3.1.6
    # via
    #   bokeh
    #   dask
    #   datamapplot
    #   delphi-polis (pyproject.toml)
    #   distributed
    #   torch
jiter==0.12.0
    # via anthropic
jmespath==1.0.1
    # via
    #   aws-lambda-powertools
    #   boto3
    #   botocore
joblib==1.5.2
    # via
    #   hdbscan
    #   pynndescent
    #   scikit-learn
kiwisolver==1.4.9
    # via matplotlib
lazy-loader==0.4
    # via scikit-image
llvmlite==0.45.1
    # via
    #   delphi-polis (pyproject.toml)
    #   numba
    #   pynndescent
locket==1.0.0
    # via
    #   distributed
    #   partd
lz4==4.4.5
    # via dask
markdown-it-py==4.0.0
    # via rich
markupsafe==3.0.3
    # via jinja2
matplotlib==3.10.6
    # via
    #   datamapplot
    #   delphi-polis (pyproject.toml)
    #   pylabeladjust
mdurl==0.1.2
    # via markdown-it-py
mpmath==1.3.0
    # via sympy
msgpack==1.1.2
    # via distributed
multipledispatch==1.0.0
    # via datashader
narwhals==2.12.0
    # via
    #   bokeh
    #   plotly
natsort==8.4.0
    # via delphi-polis (pyproject.toml)
networkx==3.5
    # via
    #   scikit-image
    #   torch
numba==0.62.1
    # via
    #   datamapplot
    #   datashader
    #   delphi-polis (pyproject.toml)
    #   evoc
    #   pynndescent
    #   umap-learn
numpy==1.26.4
    # via
    #   bokeh
    #   colorspacious
    #   contourpy
    #   dask
    #   datamapplot
    #   datashader
    #   delphi-polis (pyproject.toml)
    #   evoc
    #   hdbscan
    #   imageio
    #   matplotlib
    #   numba
    #   pandas
    #   scikit-image
    #   scikit-learn
    #   scipy
    #   tifffile
    #   torchvision
    #   transformers
    #   umap-learn
    #   xarray
ollama==0.6.1
    # via delphi-polis (pyproject.toml)
opentelemetry-api==1.38.0
    # via ddtrace
packaging==25.0
    # via
    #   bokeh
    #   dask
    #   datashader
    #   distributed
    #   huggingface-hub
    #   lazy-loader
    #   matplotlib
    #   plotly
    #   scikit-image
    #   transformers
    #   xarray
pandas==2.3.3
    # via
    #   bokeh
    #   dask
    #   dask-expr
    #   datamapplot
    #   datashader
    #   delphi-polis (pyproject.toml)
    #   pylabeladjust
    #   xarray
param==2.3.0
    # via
    #   datashader
    #   pyct
partd==1.4.2
    # via dask
pillow==12.0.0
    # via
    #   bokeh
    #   imageio
    #   matplotlib
    #   scikit-image
    #   sentence-transformers
    #   torchvision
platformdirs==4.5.0
    # via datamapplot
plotly==6.5.0
    # via delphi-polis (pyproject.toml)
protobuf==6.33.1
    # via ddtrace
psutil==7.1.3
    # via distributed
psycopg2-binary==2.9.10
    # via delphi-polis (pyproject.toml)
pyarrow==22.0.0
    # via
    #   dask
    #   dask-expr
    #   datamapplot
pyct==0.6.0
    # via datashader
pydantic==2.12.4
    # via
    #   anthropic
    #   delphi-polis (pyproject.toml)
    #   fastapi
    #   ollama
pydantic-core==2.41.5
    # via pydantic
pygments==2.19.2
    # via rich
pylabeladjust==0.1.13
    # via datamapplot
pynamodb==6.1.0
    # via delphi-polis (pyproject.toml)
pynndescent==0.5.13
    # via umap-learn
pyparsing==3.2.5
    # via matplotlib
pyqtree==1.0.0
    # via pylabeladjust
python-dateutil==2.9.0.post0
    # via
    #   botocore
    #   matplotlib
    #   pandas
python-dotenv==1.2.1
    # via delphi-polis (pyproject.toml)
python-multipart==0.0.20
    # via delphi-polis (pyproject.toml)
pytz==2025.2
    # via pandas
pyyaml==6.0.3
    # via
    #   bokeh
    #   dask
    #   distributed
    #   huggingface-hub
    #   transformers
rcssmin==1.2.2
    # via datamapplot
regex==2025.11.3
    # via transformers
requests==2.32.5
    # via
    #   datamapplot
    #   datashader
    #   delphi-polis (pyproject.toml)
    #   huggingface-hub
    #   transformers
rich==14.2.0
    # via delphi-polis (pyproject.toml)
rjsmin==1.2.5
    # via datamapplot
s3transfer==0.10.4
    # via boto3
safetensors==0.6.2
    # via transformers
scikit-image==0.25.2
    # via datamapplot
scikit-learn==1.7.2
    # via
    #   datamapplot
    #   delphi-polis (pyproject.toml)
    #   evoc
    #   hdbscan
    #   pynndescent
    #   sentence-transformers
    #   umap-learn
scipy==1.16.3
    # via
    #   datashader
    #   delphi-polis (pyproject.toml)
    #   hdbscan
    #   pynndescent
    #   scikit-image
    #   scikit-learn
    #   sentence-transformers
    #   umap-learn
sentence-transformers==5.1.2
    # via delphi-polis (pyproject.toml)
six==1.17.0
    # via python-dateutil
sniffio==1.3.1
    # via
    #   anthropic
    #   anyio
sortedcontainers==2.4.0
    # via distributed
sqlalchemy==2.0.44
    # via delphi-polis (pyproject.toml)
starlette==0.38.6
    # via
    #   delphi-polis (pyproject.toml)
    #   fastapi
sympy==1.14.0
    # via torch
tblib==3.2.2
    # via distributed
threadpoolctl==3.6.0
    # via scikit-learn
tifffile==2025.10.16
    # via scikit-image
tokenizers==0.22.1
    # via transformers
toolz==1.1.0
    # via
    #   dask
    #   datashader
    #   distributed
    #   partd
torch==2.8.0
    # via
    #   delphi-polis (pyproject.toml)
    #   sentence-transformers
    #   torchaudio
    #   torchvision
torchaudio==2.8.0
    # via delphi-polis (pyproject.toml)
torchvision==0.23.0
    # via delphi-polis (pyproject.toml)
tornado==6.5.2
    # via
    #   bokeh
    #   distributed
tqdm==4.66.2
    # via
    #   delphi-polis (pyproject.toml)
    #   evoc
    #   huggingface-hub
    #   pylabeladjust
    #   sentence-transformers
    #   transformers
    #   umap-learn
transformers==4.57.1
    # via sentence-transformers
typing-extensions==4.15.0
    # via
    #   anthropic
    #   anyio
    #   aws-lambda-powertools
    #   datamapplot
    #   delphi-polis (pyproject.toml)
    #   fastapi
    #   huggingface-hub
    #   opentelemetry-api
    #   pydantic
    #   pydantic-core
    #   sentence-transformers
    #   sqlalchemy
    #   torch
    #   typing-inspection
typing-inspection==0.4.2
    # via pydantic
tzdata==2025.2
    # via pandas
umap-learn==0.5.9.post2
    # via delphi-polis (pyproject.toml)
urllib3==2.5.0
    # via
    #   botocore
    #   distributed
    #   requests
uvicorn==0.38.0
    # via delphi-polis (pyproject.toml)
wrapt==2.0.1
    # via
    #   aws-xray-sdk
    #   ddtrace
xarray==2025.11.0
    # via datashader
xmltodict==1.0.2
    # via delphi-polis (pyproject.toml)
xyzservices==2025.10.0
    # via bokeh
zict==3.0.0
    # via distributed
zipp==3.23.0
    # via importlib-metadata

# The following packages are considered to be unsafe in a requirements file:
# setuptools
